
Microsoft Visual Studio Solution File, Format Version 12.00
# Visual Studio 15
VisualStudioVersion = 15.0.27130.2003
MinimumVisualStudioVersion = 10.0.40219.1
Project("{FAE04EC0-301F-11D3-BF4B-00C04F79EFBC}") = "AdventureMap", "AdventureMap\AdventureMap.csproj", "{663D4AAE-98CE-4586-8570-F4529A7FEEFB}"
EndProject
Project("{FAE04EC0-301F-11D3-BF4B-00C04F79EFBC}") = "TreasureMap", "TreasureMap\TreasureMap.csproj", "{B44BD25E-E2AF-453E-8E3F-20AEE4B5A57B}"
EndProject
Global
	GlobalSection(SolutionConfigurationPlatforms) = preSolution
		Debug|Any CPU = Debug|Any CPU
		Release|Any CPU = Release|Any CPU
	EndGlobalSection
	GlobalSection(ProjectConfigurationPlatforms) = postSolution
		{663D4AAE-98CE-4586-8570-F4529A7FEEFB}.Debug|Any CPU.ActiveCfg = Debug|Any CPU
		{663D4AAE-98CE-4586-8570-F4529A7FEEFB}.Debug|Any CPU.Build.0 = Debug|Any CPU
		{663D4AAE-98CE-4586-8570-F4529A7FEEFB}.Release|Any CPU.ActiveCfg = Release|Any CPU
		{663D4AAE-98CE-4586-8570-F4529A7FEEFB}.Release|Any CPU.Build.0 = Release|Any CPU
		{B44BD25E-E2AF-453E-8E3F-20AEE4B5A57B}.Debug|Any CPU.ActiveCfg = Debug|Any CPU
		{B44BD25E-E2AF-453E-8E3F-20AEE4B5A57B}.Debug|Any CPU.Build.0 = Debug|Any CPU
		{B44BD25E-E2AF-453E-8E3F-20AEE4B5A57B}.Release|Any CPU.ActiveCfg = Release|Any CPU
		{B44BD25E-E2AF-453E-8E3F-20AEE4B5A57B}.Release|Any CPU.Build.0 = Release|Any CPU
	EndGlobalSection
	GlobalSection(SolutionProperties) = preSolution
		HideSolutionNode = FALSE
	EndGlobalSection
	GlobalSection(ExtensibilityGlobals) = postSolution
		SolutionGuid = {69F78618-EBAF-478D-88E1-FFF759B64219}
	EndGlobalSection
EndGlobal
